PODS:
  - Alamofire (5.4.4)
  - GSMessages (1.7.5)
  - SwiftOTP (3.0.0)

DEPENDENCIES:
  - Alamofire (= 5.4.4)
  - GSMessages (~> 1.0)
  - SwiftOTP

SPEC REPOS:
  trunk:
    - Alamofire
    - GSMessages
    - SwiftOTP

SPEC CHECKSUMS:
  Alamofire: f3b09a368f1582ab751b3fff5460276e0d2cf5c9
  GSMessages: ff0397d30b804fa38c6026fb080b8ad6f7454ab6
  SwiftOTP: ec3848f12a4541f29d96f6a0fe63dcbb8448d96f

PODFILE CHECKSUM: 5d0bdaea682246a182a49ac2fdffef4c36ad3f54

COCOAPODS: 1.12.1
